{
  "pins" : [
    {
      "identity" : "grdb.swift",
      "kind" : "remoteSourceControl",
      "location" : "https://github.com/groue/GRDB.swift",
      "state" : {
        "revision" : "57aa4c30bfa0fe6a1913f83042937c4fb943e79c",
        "version" : "6.15.0"
      }
    },
    {
      "identity" : "grdbquery",
      "kind" : "remoteSourceControl",
      "location" : "http://github.com/groue/GRDBQuery",
      "state" : {
        "revision" : "be64298b4f9d70510226fa7e698aef84f41cec02",
        "version" : "0.7.0"
      }
    }
  ],
  "version" : 2
}
